
Microsoft Visual Studio Solution File, Format Version 12.00
# Visual Studio Version 17
Project("{2150E333-8FDC-42A3-9474-1A3956D46DE8}") = "CMakePredefinedTargets", "CMakePredefinedTargets", "{E89A8DD6-90CC-3797-9F10-99CFDF1E9616}"
EndProject
Project("{2150E333-8FDC-42A3-9474-1A3956D46DE8}") = "deps", "deps", "{40940536-5BD6-360D-A124-F36BBE669407}"
EndProject
Project("{8BC9CEB8-8B4A-11D0-8D11-00A0C91BC942}") = "test_tinyexr", "test_tinyexr.vcxproj", "{986224BC-D71D-3425-A5BC-69E39D59C403}"
	ProjectSection(ProjectDependencies) = postProject
		{D7F2A686-9778-3A3A-B3B4-B1EF578E7B1E} = {D7F2A686-9778-3A3A-B3B4-B1EF578E7B1E}
		{4C44D7B8-8485-36F3-AD76-76ABAC8ADA5A} = {4C44D7B8-8485-36F3-AD76-76ABAC8ADA5A}
	EndProjectSection
EndProject
Project("{8BC9CEB8-8B4A-11D0-8D11-00A0C91BC942}") = "ALL_BUILD", "ALL_BUILD.vcxproj", "{ADBDADA8-4C6C-3BC3-872F-A4381D425031}"
	ProjectSection(ProjectDependencies) = postProject
		{D7F2A686-9778-3A3A-B3B4-B1EF578E7B1E} = {D7F2A686-9778-3A3A-B3B4-B1EF578E7B1E}
		{4C44D7B8-8485-36F3-AD76-76ABAC8ADA5A} = {4C44D7B8-8485-36F3-AD76-76ABAC8ADA5A}
		{986224BC-D71D-3425-A5BC-69E39D59C403} = {986224BC-D71D-3425-A5BC-69E39D59C403}
		{EE6D7FC1-AA60-3898-8704-C5FD312803DB} = {EE6D7FC1-AA60-3898-8704-C5FD312803DB}
	EndProjectSection
EndProject
Project("{8BC9CEB8-8B4A-11D0-8D11-00A0C91BC942}") = "ZERO_CHECK", "ZERO_CHECK.vcxproj", "{D7F2A686-9778-3A3A-B3B4-B1EF578E7B1E}"
	ProjectSection(ProjectDependencies) = postProject
	EndProjectSection
EndProject
Project("{8BC9CEB8-8B4A-11D0-8D11-00A0C91BC942}") = "miniz", "miniz.vcxproj", "{4C44D7B8-8485-36F3-AD76-76ABAC8ADA5A}"
	ProjectSection(ProjectDependencies) = postProject
		{D7F2A686-9778-3A3A-B3B4-B1EF578E7B1E} = {D7F2A686-9778-3A3A-B3B4-B1EF578E7B1E}
	EndProjectSection
EndProject
Project("{8BC9CEB8-8B4A-11D0-8D11-00A0C91BC942}") = "tinyexr", "tinyexr.vcxproj", "{EE6D7FC1-AA60-3898-8704-C5FD312803DB}"
	ProjectSection(ProjectDependencies) = postProject
		{D7F2A686-9778-3A3A-B3B4-B1EF578E7B1E} = {D7F2A686-9778-3A3A-B3B4-B1EF578E7B1E}
		{4C44D7B8-8485-36F3-AD76-76ABAC8ADA5A} = {4C44D7B8-8485-36F3-AD76-76ABAC8ADA5A}
	EndProjectSection
EndProject
Global
	GlobalSection(SolutionConfigurationPlatforms) = preSolution
		Debug|x64 = Debug|x64
		Release|x64 = Release|x64
		MinSizeRel|x64 = MinSizeRel|x64
		RelWithDebInfo|x64 = RelWithDebInfo|x64
	EndGlobalSection
	GlobalSection(ProjectConfigurationPlatforms) = postSolution
		{986224BC-D71D-3425-A5BC-69E39D59C403}.Debug|x64.ActiveCfg = Debug|x64
		{986224BC-D71D-3425-A5BC-69E39D59C403}.Debug|x64.Build.0 = Debug|x64
		{986224BC-D71D-3425-A5BC-69E39D59C403}.Release|x64.ActiveCfg = Release|x64
		{986224BC-D71D-3425-A5BC-69E39D59C403}.Release|x64.Build.0 = Release|x64
		{986224BC-D71D-3425-A5BC-69E39D59C403}.MinSizeRel|x64.ActiveCfg = MinSizeRel|x64
		{986224BC-D71D-3425-A5BC-69E39D59C403}.MinSizeRel|x64.Build.0 = MinSizeRel|x64
		{986224BC-D71D-3425-A5BC-69E39D59C403}.RelWithDebInfo|x64.ActiveCfg = RelWithDebInfo|x64
		{986224BC-D71D-3425-A5BC-69E39D59C403}.RelWithDebInfo|x64.Build.0 = RelWithDebInfo|x64
		{ADBDADA8-4C6C-3BC3-872F-A4381D425031}.Debug|x64.ActiveCfg = Debug|x64
		{ADBDADA8-4C6C-3BC3-872F-A4381D425031}.Release|x64.ActiveCfg = Release|x64
		{ADBDADA8-4C6C-3BC3-872F-A4381D425031}.MinSizeRel|x64.ActiveCfg = MinSizeRel|x64
		{ADBDADA8-4C6C-3BC3-872F-A4381D425031}.RelWithDebInfo|x64.ActiveCfg = RelWithDebInfo|x64
		{D7F2A686-9778-3A3A-B3B4-B1EF578E7B1E}.Debug|x64.ActiveCfg = Debug|x64
		{D7F2A686-9778-3A3A-B3B4-B1EF578E7B1E}.Debug|x64.Build.0 = Debug|x64
		{D7F2A686-9778-3A3A-B3B4-B1EF578E7B1E}.Release|x64.ActiveCfg = Release|x64
		{D7F2A686-9778-3A3A-B3B4-B1EF578E7B1E}.Release|x64.Build.0 = Release|x64
		{D7F2A686-9778-3A3A-B3B4-B1EF578E7B1E}.MinSizeRel|x64.ActiveCfg = MinSizeRel|x64
		{D7F2A686-9778-3A3A-B3B4-B1EF578E7B1E}.MinSizeRel|x64.Build.0 = MinSizeRel|x64
		{D7F2A686-9778-3A3A-B3B4-B1EF578E7B1E}.RelWithDebInfo|x64.ActiveCfg = RelWithDebInfo|x64
		{D7F2A686-9778-3A3A-B3B4-B1EF578E7B1E}.RelWithDebInfo|x64.Build.0 = RelWithDebInfo|x64
		{4C44D7B8-8485-36F3-AD76-76ABAC8ADA5A}.Debug|x64.ActiveCfg = Debug|x64
		{4C44D7B8-8485-36F3-AD76-76ABAC8ADA5A}.Debug|x64.Build.0 = Debug|x64
		{4C44D7B8-8485-36F3-AD76-76ABAC8ADA5A}.Release|x64.ActiveCfg = Release|x64
		{4C44D7B8-8485-36F3-AD76-76ABAC8ADA5A}.Release|x64.Build.0 = Release|x64
		{4C44D7B8-8485-36F3-AD76-76ABAC8ADA5A}.MinSizeRel|x64.ActiveCfg = MinSizeRel|x64
		{4C44D7B8-8485-36F3-AD76-76ABAC8ADA5A}.MinSizeRel|x64.Build.0 = MinSizeRel|x64
		{4C44D7B8-8485-36F3-AD76-76ABAC8ADA5A}.RelWithDebInfo|x64.ActiveCfg = RelWithDebInfo|x64
		{4C44D7B8-8485-36F3-AD76-76ABAC8ADA5A}.RelWithDebInfo|x64.Build.0 = RelWithDebInfo|x64
		{EE6D7FC1-AA60-3898-8704-C5FD312803DB}.Debug|x64.ActiveCfg = Debug|x64
		{EE6D7FC1-AA60-3898-8704-C5FD312803DB}.Debug|x64.Build.0 = Debug|x64
		{EE6D7FC1-AA60-3898-8704-C5FD312803DB}.Release|x64.ActiveCfg = Release|x64
		{EE6D7FC1-AA60-3898-8704-C5FD312803DB}.Release|x64.Build.0 = Release|x64
		{EE6D7FC1-AA60-3898-8704-C5FD312803DB}.MinSizeRel|x64.ActiveCfg = MinSizeRel|x64
		{EE6D7FC1-AA60-3898-8704-C5FD312803DB}.MinSizeRel|x64.Build.0 = MinSizeRel|x64
		{EE6D7FC1-AA60-3898-8704-C5FD312803DB}.RelWithDebInfo|x64.ActiveCfg = RelWithDebInfo|x64
		{EE6D7FC1-AA60-3898-8704-C5FD312803DB}.RelWithDebInfo|x64.Build.0 = RelWithDebInfo|x64
	EndGlobalSection
	GlobalSection(NestedProjects) = preSolution
		{ADBDADA8-4C6C-3BC3-872F-A4381D425031} = {E89A8DD6-90CC-3797-9F10-99CFDF1E9616}
		{D7F2A686-9778-3A3A-B3B4-B1EF578E7B1E} = {E89A8DD6-90CC-3797-9F10-99CFDF1E9616}
		{4C44D7B8-8485-36F3-AD76-76ABAC8ADA5A} = {40940536-5BD6-360D-A124-F36BBE669407}
	EndGlobalSection
	GlobalSection(ExtensibilityGlobals) = postSolution
		SolutionGuid = {2D17A336-1B2A-30E3-89D3-7A7AF93051D2}
	EndGlobalSection
	GlobalSection(ExtensibilityAddIns) = postSolution
	EndGlobalSection
EndGlobal
